
Microsoft Visual Studio Solution File, Format Version 12.00
# Visual Studio Version 16
VisualStudioVersion = 16.0.31729.503
MinimumVisualStudioVersion = 10.0.40219.1
Project("{FAE04EC0-301F-11D3-BF4B-00C04F79EFBC}") = "Lab2-zadanie", "Lab2-zadanie\Lab2-zadanie.csproj", "{A7CAF5A6-D435-4FC1-8254-0825FF1BB80E}"
EndProject
Global
	GlobalSection(SolutionConfigurationPlatforms) = preSolution
		Debug|Any CPU = Debug|Any CPU
		Release|Any CPU = Release|Any CPU
	EndGlobalSection
	GlobalSection(ProjectConfigurationPlatforms) = postSolution
		{A7CAF5A6-D435-4FC1-8254-0825FF1BB80E}.Debug|Any CPU.ActiveCfg = Debug|Any CPU
		{A7CAF5A6-D435-4FC1-8254-0825FF1BB80E}.Debug|Any CPU.Build.0 = Debug|Any CPU
		{A7CAF5A6-D435-4FC1-8254-0825FF1BB80E}.Release|Any CPU.ActiveCfg = Release|Any CPU
		{A7CAF5A6-D435-4FC1-8254-0825FF1BB80E}.Release|Any CPU.Build.0 = Release|Any CPU
	EndGlobalSection
	GlobalSection(SolutionProperties) = preSolution
		HideSolutionNode = FALSE
	EndGlobalSection
	GlobalSection(ExtensibilityGlobals) = postSolution
		SolutionGuid = {A1A7A79D-A2FD-434B-BB19-3FE65D41AF3A}
	EndGlobalSection
EndGlobal
